
Microsoft Visual Studio Solution File, Format Version 12.00
# Visual Studio 2013
VisualStudioVersion = 12.0.21005.1
MinimumVisualStudioVersion = 10.0.40219.1
Project("{FAE04EC0-301F-11D3-BF4B-00C04F79EFBC}") = "HussenShambesh_GraphicalEditor", "HussenShambesh_GraphicalEditor\HussenShambesh_GraphicalEditor.csproj", "{ED3C013F-C2F0-4DC2-9C27-86FC86C79AD5}"
EndProject
Project("{FAE04EC0-301F-11D3-BF4B-00C04F79EFBC}") = "Tests", "Tests\Tests.csproj", "{A8AD3E95-F832-4818-8B80-E64FAC48C777}"
EndProject
Global
	GlobalSection(SolutionConfigurationPlatforms) = preSolution
		Debug|Any CPU = Debug|Any CPU
		Release|Any CPU = Release|Any CPU
	EndGlobalSection
	GlobalSection(ProjectConfigurationPlatforms) = postSolution
		{ED3C013F-C2F0-4DC2-9C27-86FC86C79AD5}.Debug|Any CPU.ActiveCfg = Debug|Any CPU
		{ED3C013F-C2F0-4DC2-9C27-86FC86C79AD5}.Debug|Any CPU.Build.0 = Debug|Any CPU
		{ED3C013F-C2F0-4DC2-9C27-86FC86C79AD5}.Release|Any CPU.ActiveCfg = Release|Any CPU
		{ED3C013F-C2F0-4DC2-9C27-86FC86C79AD5}.Release|Any CPU.Build.0 = Release|Any CPU
		{A8AD3E95-F832-4818-8B80-E64FAC48C777}.Debug|Any CPU.ActiveCfg = Debug|Any CPU
		{A8AD3E95-F832-4818-8B80-E64FAC48C777}.Debug|Any CPU.Build.0 = Debug|Any CPU
		{A8AD3E95-F832-4818-8B80-E64FAC48C777}.Release|Any CPU.ActiveCfg = Release|Any CPU
		{A8AD3E95-F832-4818-8B80-E64FAC48C777}.Release|Any CPU.Build.0 = Release|Any CPU
	EndGlobalSection
	GlobalSection(SolutionProperties) = preSolution
		HideSolutionNode = FALSE
	EndGlobalSection
EndGlobal
